
Microsoft Visual Studio Solution File, Format Version 12.00
# Visual Studio 15
VisualStudioVersion = 15.0.26730.16
MinimumVisualStudioVersion = 10.0.40219.1
Project("{FAE04EC0-301F-11D3-BF4B-00C04F79EFBC}") = "Assignment1", "Assignment1\Assignment1.csproj", "{BEB53A71-B4B0-4E2E-B602-BB014FACA64D}"
EndProject
Project("{FAE04EC0-301F-11D3-BF4B-00C04F79EFBC}") = "Assignment1.Tests", "Assignment1.Tests\Assignment1.Tests.csproj", "{C16B0620-45D1-47B1-ADC7-F2C8B185F6CD}"
EndProject
Global
	GlobalSection(SolutionConfigurationPlatforms) = preSolution
		Debug|Any CPU = Debug|Any CPU
		Release|Any CPU = Release|Any CPU
	EndGlobalSection
	GlobalSection(ProjectConfigurationPlatforms) = postSolution
		{BEB53A71-B4B0-4E2E-B602-BB014FACA64D}.Debug|Any CPU.ActiveCfg = Debug|Any CPU
		{BEB53A71-B4B0-4E2E-B602-BB014FACA64D}.Debug|Any CPU.Build.0 = Debug|Any CPU
		{BEB53A71-B4B0-4E2E-B602-BB014FACA64D}.Release|Any CPU.ActiveCfg = Release|Any CPU
		{BEB53A71-B4B0-4E2E-B602-BB014FACA64D}.Release|Any CPU.Build.0 = Release|Any CPU
		{C16B0620-45D1-47B1-ADC7-F2C8B185F6CD}.Debug|Any CPU.ActiveCfg = Debug|Any CPU
		{C16B0620-45D1-47B1-ADC7-F2C8B185F6CD}.Debug|Any CPU.Build.0 = Debug|Any CPU
		{C16B0620-45D1-47B1-ADC7-F2C8B185F6CD}.Release|Any CPU.ActiveCfg = Release|Any CPU
		{C16B0620-45D1-47B1-ADC7-F2C8B185F6CD}.Release|Any CPU.Build.0 = Release|Any CPU
	EndGlobalSection
	GlobalSection(SolutionProperties) = preSolution
		HideSolutionNode = FALSE
	EndGlobalSection
	GlobalSection(ExtensibilityGlobals) = postSolution
		SolutionGuid = {68B61CF7-3D5E-4170-BCC1-87B4AA7037EA}
	EndGlobalSection
EndGlobal
